{
  "version": 4,
  "terraform_version": "1.8.2",
  "serial": 6,
  "lineage": "f280b1cc-d6d2-6924-78f1-9fe22408a08e",
  "outputs": {},
  "resources": [
    {
      "mode": "managed",
      "type": "aws_internet_gateway",
      "name": "zeinab-gw",
      "provider": "provider[\"registry.terraform.io/hashicorp/aws\"]",
      "instances": [
        {
          "schema_version": 0,
          "attributes": {
            "arn": "arn:aws:ec2:eu-west-1:767397866913:internet-gateway/igw-01372200e78b68743",
            "id": "igw-01372200e78b68743",
            "owner_id": "767397866913",
            "tags": {
              "Name": "zeinab-gw"
            },
            "tags_all": {
              "Name": "zeinab-gw"
            },
            "timeouts": null,
            "vpc_id": "vpc-0f57f507f7b28f7b3"
          },
          "sensitive_attributes": [],
          "private": "eyJlMmJmYjczMC1lY2FhLTExZTYtOGY4OC0zNDM2M2JjN2M0YzAiOnsiY3JlYXRlIjoxMjAwMDAwMDAwMDAwLCJkZWxldGUiOjEyMDAwMDAwMDAwMDAsInVwZGF0ZSI6MTIwMDAwMDAwMDAwMH19",
          "dependencies": [
            "aws_vpc.zeinab-vpc"
          ]
        }
      ]
    },
    {
      "mode": "managed",
      "type": "aws_vpc",
      "name": "zeinab-vpc",
      "provider": "provider[\"registry.terraform.io/hashicorp/aws\"]",
      "instances": [
        {
          "schema_version": 1,
          "attributes": {
            "arn": "arn:aws:ec2:eu-west-1:767397866913:vpc/vpc-0f57f507f7b28f7b3",
            "assign_generated_ipv6_cidr_block": false,
            "cidr_block": "10.0.0.0/16",
            "default_network_acl_id": "acl-0a0011a9dabc4d127",
            "default_route_table_id": "rtb-060284d5a3c39f988",
            "default_security_group_id": "sg-0db135607cf7c7f16",
            "dhcp_options_id": "dopt-0c5acbad65450608f",
            "enable_dns_hostnames": true,
            "enable_dns_support": true,
            "enable_network_address_usage_metrics": false,
            "id": "vpc-0f57f507f7b28f7b3",
            "instance_tenancy": "default",
            "ipv4_ipam_pool_id": null,
            "ipv4_netmask_length": null,
            "ipv6_association_id": "",
            "ipv6_cidr_block": "",
            "ipv6_cidr_block_network_border_group": "",
            "ipv6_ipam_pool_id": "",
            "ipv6_netmask_length": 0,
            "main_route_table_id": "rtb-060284d5a3c39f988",
            "owner_id": "767397866913",
            "tags": {
              "Name": "zeinab-vpc"
            },
            "tags_all": {
              "Name": "zeinab-vpc"
            }
          },
          "sensitive_attributes": [],
          "private": "eyJzY2hlbWFfdmVyc2lvbiI6IjEifQ=="
        }
      ]
    }
  ],
  "check_results": null
}
